
Microsoft Visual Studio Solution File, Format Version 12.00
# Visual Studio Version 16
VisualStudioVersion = 16.0.30413.136
MinimumVisualStudioVersion = 10.0.40219.1
Project("{FAE04EC0-301F-11D3-BF4B-00C04F79EFBC}") = "TestTools.SignalR", "src\TestTools.SignalR\TestTools.SignalR.csproj", "{4B1229E9-0E94-4D55-BFDA-88BF44C2DBCD}"
EndProject
Global
	GlobalSection(SolutionConfigurationPlatforms) = preSolution
		Debug|Any CPU = Debug|Any CPU
		Release|Any CPU = Release|Any CPU
	EndGlobalSection
	GlobalSection(ProjectConfigurationPlatforms) = postSolution
		{4B1229E9-0E94-4D55-BFDA-88BF44C2DBCD}.Debug|Any CPU.ActiveCfg = Debug|Any CPU
		{4B1229E9-0E94-4D55-BFDA-88BF44C2DBCD}.Debug|Any CPU.Build.0 = Debug|Any CPU
		{4B1229E9-0E94-4D55-BFDA-88BF44C2DBCD}.Release|Any CPU.ActiveCfg = Release|Any CPU
		{4B1229E9-0E94-4D55-BFDA-88BF44C2DBCD}.Release|Any CPU.Build.0 = Release|Any CPU
	EndGlobalSection
	GlobalSection(SolutionProperties) = preSolution
		HideSolutionNode = FALSE
	EndGlobalSection
	GlobalSection(ExtensibilityGlobals) = postSolution
		SolutionGuid = {9C067DBB-750B-4490-8A47-3175BC9C205A}
	EndGlobalSection
EndGlobal
